// !$*UTF8*$!
{
	archiveVersion = 1;
	classes = {
	};
	objectVersion = 46;
	objects = {

/* Begin PBXBuildFile section */
		76496B511A7103B1005C5CAA /* main.m in Sources */ = {isa = PBXBuildFile; fileRef = 76496B501A7103B1005C5CAA /* main.m */; };
		76496B541A7103B1005C5CAA /* AppDelegate.m in Sources */ = {isa = PBXBuildFile; fileRef = 76496B531A7103B1005C5CAA /* AppDelegate.m */; };
		76496B571A7103B1005C5CAA /* ViewController.m in Sources */ = {isa = PBXBuildFile; fileRef = 76496B561A7103B1005C5CAA /* ViewController.m */; };
		76496B5A1A7103B1005C5CAA /* Main.storyboard in Resources */ = {isa = PBXBuildFile; fileRef = 76496B581A7103B1005C5CAA /* Main.storyboard */; };
		76496B5C1A7103B1005C5CAA /* Images.xcassets in Resources */ = {isa = PBXBuildFile; fileRef = 76496B5B1A7103B1005C5CAA /* Images.xcassets */; };
		76496B5F1A7103B1005C5CAA /* LaunchScreen.xib in Resources */ = {isa = PBXBuildFile; fileRef = 76496B5D1A7103B1005C5CAA /* LaunchScreen.xib */; };
		76496B6B1A7103B1005C5CAA /* TestKeyBoardTests.m in Sources */ = {isa = PBXBuildFile; fileRef = 76496B6A1A7103B1005C5CAA /* TestKeyBoardTests.m */; };
		76496B761A710617005C5CAA /* CommentPad.m in Sources */ = {isa = PBXBuildFile; fileRef = 76496B751A710617005C5CAA /* CommentPad.m */; };
/* End PBXBuildFile section */

/* Begin PBXContainerItemProxy section */
		76496B651A7103B1005C5CAA /* PBXContainerItemProxy */ = {
			isa = PBXContainerItemProxy;
			containerPortal = 76496B431A7103B1005C5CAA /* Project object */;
			proxyType = 1;
			remoteGlobalIDString = 76496B4A1A7103B1005C5CAA;
			remoteInfo = TestKeyBoard;
		};
/* End PBXContainerItemProxy section */

/* Begin PBXFileReference section */
		76496B4B1A7103B1005C5CAA /* TestKeyBoard.app */ = {isa = PBXFileReference; explicitFileType = wrapper.application; includeInIndex = 0; path = TestKeyBoard.app; sourceTree = BUILT_PRODUCTS_DIR; };
		76496B4F1A7103B1005C5CAA /* Info.plist */ = {isa = PBXFileReference; lastKnownFileType = text.plist.xml; path = Info.plist; sourceTree = "<group>"; };
		76496B501A7103B1005C5CAA /* main.m */ = {isa = PBXFileReference; lastKnownFileType = sourcecode.c.objc; path = main.m; sourceTree = "<group>"; };
		76496B521A7103B1005C5CAA /* AppDelegate.h */ = {isa = PBXFileReference; lastKnownFileType = sourcecode.c.h; path = AppDelegate.h; sourceTree = "<group>"; };
		76496B531A7103B1005C5CAA /* AppDelegate.m */ = {isa = PBXFileReference; lastKnownFileType = sourcecode.c.objc; path = AppDelegate.m; sourceTree = "<group>"; };
		76496B551A7103B1005C5CAA /* ViewController.h */ = {isa = PBXFileReference; lastKnownFileType = sourcecode.c.h; path = ViewController.h; sourceTree = "<group>"; };
		76496B561A7103B1005C5CAA /* ViewController.m */ = {isa = PBXFileReference; lastKnownFileType = sourcecode.c.objc; path = ViewController.m; sourceTree = "<group>"; };
		76496B591A7103B1005C5CAA /* Base */ = {isa = PBXFileReference; lastKnownFileType = file.storyboard; name = Base; path = Base.lproj/Main.storyboard; sourceTree = "<group>"; };
		76496B5B1A7103B1005C5CAA /* Images.xcassets */ = {isa = PBXFileReference; lastKnownFileType = folder.assetcatalog; path = Images.xcassets; sourceTree = "<group>"; };
		76496B5E1A7103B1005C5CAA /* Base */ = {isa = PBXFileReference; lastKnownFileType = file.xib; name = Base; path = Base.lproj/LaunchScreen.xib; sourceTree = "<group>"; };
		76496B641A7103B1005C5CAA /* TestKeyBoardTests.xctest */ = {isa = PBXFileReference; explicitFileType = wrapper.cfbundle; includeInIndex = 0; path = TestKeyBoardTests.xctest; sourceTree = BUILT_PRODUCTS_DIR; };
		76496B691A7103B1005C5CAA /* Info.plist */ = {isa = PBXFileReference; lastKnownFileType = text.plist.xml; path = Info.plist; sourceTree = "<group>"; };
		76496B6A1A7103B1005C5CAA /* TestKeyBoardTests.m */ = {isa = PBXFileReference; lastKnownFileType = sourcecode.c.objc; path = TestKeyBoardTests.m; sourceTree = "<group>"; };
		76496B741A710617005C5CAA /* CommentPad.h */ = {isa = PBXFileReference; fileEncoding = 4; lastKnownFileType = sourcecode.c.h; path = CommentPad.h; sourceTree = "<group>"; };
		76496B751A710617005C5CAA /* CommentPad.m */ = {isa = PBXFileReference; fileEncoding = 4; lastKnownFileType = sourcecode.c.objc; path = CommentPad.m; sourceTree = "<group>"; };
/* End PBXFileReference section */

/* Begin PBXFrameworksBuildPhase section */
		76496B481A7103B1005C5CAA /* Frameworks */ = {
			isa = PBXFrameworksBuildPhase;
			buildActionMask = 2147483647;
			files = (
			);
			runOnlyForDeploymentPostprocessing = 0;
		};
		76496B611A7103B1005C5CAA /* Frameworks */ = {
			isa = PBXFrameworksBuildPhase;
			buildActionMask = 2147483647;
			files = (
			);
			runOnlyForDeploymentPostprocessing = 0;
		};
/* End PBXFrameworksBuildPhase section */

/* Begin PBXGroup section */
		76496B421A7103B1005C5CAA = {
			isa = PBXGroup;
			children = (
				76496B4D1A7103B1005C5CAA /* TestKeyBoard */,
				76496B671A7103B1005C5CAA /* TestKeyBoardTests */,
				76496B4C1A7103B1005C5CAA /* Products */,
			);
			sourceTree = "<group>";
		};
		76496B4C1A7103B1005C5CAA /* Products */ = {
			isa = PBXGroup;
			children = (
				76496B4B1A7103B1005C5CAA /* TestKeyBoard.app */,
				76496B641A7103B1005C5CAA /* TestKeyBoardTests.xctest */,
			);
			name = Products;
			sourceTree = "<group>";
		};
		76496B4D1A7103B1005C5CAA /* TestKeyBoard */ = {
			isa = PBXGroup;
			children = (
				76496B521A7103B1005C5CAA /* AppDelegate.h */,
				76496B531A7103B1005C5CAA /* AppDelegate.m */,
				76496B551A7103B1005C5CAA /* ViewController.h */,
				76496B561A7103B1005C5CAA /* ViewController.m */,
				76496B581A7103B1005C5CAA /* Main.storyboard */,
				76496B5B1A7103B1005C5CAA /* Images.xcassets */,
				76496B5D1A7103B1005C5CAA /* LaunchScreen.xib */,
				76496B4E1A7103B1005C5CAA /* Supporting Files */,
				76496B741A710617005C5CAA /* CommentPad.h */,
				76496B751A710617005C5CAA /* CommentPad.m */,
			);
			path = TestKeyBoard;
			sourceTree = "<group>";
		};
		76496B4E1A7103B1005C5CAA /* Supporting Files */ = {
			isa = PBXGroup;
			children = (
				76496B4F1A7103B1005C5CAA /* Info.plist */,
				76496B501A7103B1005C5CAA /* main.m */,
			);
			name = "Supporting Files";
			sourceTree = "<group>";
		};
		76496B671A7103B1005C5CAA /* TestKeyBoardTests */ = {
			isa = PBXGroup;
			children = (
				76496B6A1A7103B1005C5CAA /* TestKeyBoardTests.m */,
				76496B681A7103B1005C5CAA /* Supporting Files */,
			);
			path = TestKeyBoardTests;
			sourceTree = "<group>";
		};
		76496B681A7103B1005C5CAA /* Supporting Files */ = {
			isa = PBXGroup;
			children = (
				76496B691A7103B1005C5CAA /* Info.plist */,
			);
			name = "Supporting Files";
			sourceTree = "<group>";
		};
/* End PBXGroup section */

/* Begin PBXNativeTarget section */
		76496B4A1A7103B1005C5CAA /* TestKeyBoard */ = {
			isa = PBXNativeTarget;
			buildConfigurationList = 76496B6E1A7103B1005C5CAA /* Build configuration list for PBXNativeTarget "TestKeyBoard" */;
			buildPhases = (
				76496B471A7103B1005C5CAA /* Sources */,
				76496B481A7103B1005C5CAA /* Frameworks */,
				76496B491A7103B1005C5CAA /* Resources */,
			);
			buildRules = (
			);
			dependencies = (
			);
			name = TestKeyBoard;
			productName = TestKeyBoard;
			productReference = 76496B4B1A7103B1005C5CAA /* TestKeyBoard.app */;
			productType = "com.apple.product-type.application";
		};
		76496B631A7103B1005C5CAA /* TestKeyBoardTests */ = {
			isa = PBXNativeTarget;
			buildConfigurationList = 76496B711A7103B1005C5CAA /* Build configuration list for PBXNativeTarget "TestKeyBoardTests" */;
			buildPhases = (
				76496B601A7103B1005C5CAA /* Sources */,
				76496B611A7103B1005C5CAA /* Frameworks */,
				76496B621A7103B1005C5CAA /* Resources */,
			);
			buildRules = (
			);
			dependencies = (
				76496B661A7103B1005C5CAA /* PBXTargetDependency */,
			);
			name = TestKeyBoardTests;
			productName = TestKeyBoardTests;
			productReference = 76496B641A7103B1005C5CAA /* TestKeyBoardTests.xctest */;
			productType = "com.apple.product-type.bundle.unit-test";
		};
/* End PBXNativeTarget section */

/* Begin PBXProject section */
		76496B431A7103B1005C5CAA /* Project object */ = {
			isa = PBXProject;
			attributes = {
				LastUpgradeCheck = 0610;
				ORGANIZATIONNAME = 61com;
				TargetAttributes = {
					76496B4A1A7103B1005C5CAA = {
						CreatedOnToolsVersion = 6.1;
					};
					76496B631A7103B1005C5CAA = {
						CreatedOnToolsVersion = 6.1;
						TestTargetID = 76496B4A1A7103B1005C5CAA;
					};
				};
			};
			buildConfigurationList = 76496B461A7103B1005C5CAA /* Build configuration list for PBXProject "TestKeyBoard" */;
			compatibilityVersion = "Xcode 3.2";
			developmentRegion = English;
			hasScannedForEncodings = 0;
			knownRegions = (
				en,
				Base,
			);
			mainGroup = 76496B421A7103B1005C5CAA;
			productRefGroup = 76496B4C1A7103B1005C5CAA /* Products */;
			projectDirPath = "";
			projectRoot = "";
			targets = (
				76496B4A1A7103B1005C5CAA /* TestKeyBoard */,
				76496B631A7103B1005C5CAA /* TestKeyBoardTests */,
			);
		};
/* End PBXProject section */

/* Begin PBXResourcesBuildPhase section */
		76496B491A7103B1005C5CAA /* Resources */ = {
			isa = PBXResourcesBuildPhase;
			buildActionMask = 2147483647;
			files = (
				76496B5A1A7103B1005C5CAA /* Main.storyboard in Resources */,
				76496B5F1A7103B1005C5CAA /* LaunchScreen.xib in Resources */,
				76496B5C1A7103B1005C5CAA /* Images.xcassets in Resources */,
			);
			runOnlyForDeploymentPostprocessing = 0;
		};
		76496B621A7103B1005C5CAA /* Resources */ = {
			isa = PBXResourcesBuildPhase;
			buildActionMask = 2147483647;
			files = (
			);
			runOnlyForDeploymentPostprocessing = 0;
		};
/* End PBXResourcesBuildPhase section */

/* Begin PBXSourcesBuildPhase section */
		76496B471A7103B1005C5CAA /* Sources */ = {
			isa = PBXSourcesBuildPhase;
			buildActionMask = 2147483647;
			files = (
				76496B571A7103B1005C5CAA /* ViewController.m in Sources */,
				76496B541A7103B1005C5CAA /* AppDelegate.m in Sources */,
				76496B511A7103B1005C5CAA /* main.m in Sources */,
				76496B761A710617005C5CAA /* CommentPad.m in Sources */,
			);
			runOnlyForDeploymentPostprocessing = 0;
		};
		76496B601A7103B1005C5CAA /* Sources */ = {
			isa = PBXSourcesBuildPhase;
			buildActionMask = 2147483647;
			files = (
				76496B6B1A7103B1005C5CAA /* TestKeyBoardTests.m in Sources */,
			);
			runOnlyForDeploymentPostprocessing = 0;
		};
/* End PBXSourcesBuildPhase section */

/* Begin PBXTargetDependency section */
		76496B661A7103B1005C5CAA /* PBXTargetDependency */ = {
			isa = PBXTargetDependency;
			target = 76496B4A1A7103B1005C5CAA /* TestKeyBoard */;
			targetProxy = 76496B651A7103B1005C5CAA /* PBXContainerItemProxy */;
		};
/* End PBXTargetDependency section */

/* Begin PBXVariantGroup section */
		76496B581A7103B1005C5CAA /* Main.storyboard */ = {
			isa = PBXVariantGroup;
			children = (
				76496B591A7103B1005C5CAA /* Base */,
			);
			name = Main.storyboard;
			sourceTree = "<group>";
		};
		76496B5D1A7103B1005C5CAA /* LaunchScreen.xib */ = {
			isa = PBXVariantGroup;
			children = (
				76496B5E1A7103B1005C5CAA /* Base */,
			);
			name = LaunchScreen.xib;
			sourceTree = "<group>";
		};
/* End PBXVariantGroup section */

/* Begin XCBuildConfiguration section */
		76496B6C1A7103B1005C5CAA /* Debug */ = {
			isa = XCBuildConfiguration;
			buildSettings = {
				ALWAYS_SEARCH_USER_PATHS = NO;
				CLANG_CXX_LANGUAGE_STANDARD = "gnu++0x";
				CLANG_CXX_LIBRARY = "libc++";
				CLANG_ENABLE_MODULES = YES;
				CLANG_ENABLE_OBJC_ARC = YES;
				CLANG_WARN_BOOL_CONVERSION = YES;
				CLANG_WARN_CONSTANT_CONVERSION = YES;
				CLANG_WARN_DIRECT_OBJC_ISA_USAGE = YES_ERROR;
				CLANG_WARN_EMPTY_BODY = YES;
				CLANG_WARN_ENUM_CONVERSION = YES;
				CLANG_WARN_INT_CONVERSION = YES;
				CLANG_WARN_OBJC_ROOT_CLASS = YES_ERROR;
				CLANG_WARN_UNREACHABLE_CODE = YES;
				CLANG_WARN__DUPLICATE_METHOD_MATCH = YES;
				"CODE_SIGN_IDENTITY[sdk=iphoneos*]" = "iPhone Developer";
				COPY_PHASE_STRIP = NO;
				ENABLE_STRICT_OBJC_MSGSEND = YES;
				GCC_C_LANGUAGE_STANDARD = gnu99;
				GCC_DYNAMIC_NO_PIC = NO;
				GCC_OPTIMIZATION_LEVEL = 0;
				GCC_PREPROCESSOR_DEFINITIONS = (
					"DEBUG=1",
					"$(inherited)",
				);
				GCC_SYMBOLS_PRIVATE_EXTERN = NO;
				GCC_WARN_64_TO_32_BIT_CONVERSION = YES;
				GCC_WARN_ABOUT_RETURN_TYPE = YES_ERROR;
				GCC_WARN_UNDECLARED_SELECTOR = YES;
				GCC_WARN_UNINITIALIZED_AUTOS = YES_AGGRESSIVE;
				GCC_WARN_UNUSED_FUNCTION = YES;
				GCC_WARN_UNUSED_VARIABLE = YES;
				IPHONEOS_DEPLOYMENT_TARGET = 8.1;
				MTL_ENABLE_DEBUG_INFO = YES;
				ONLY_ACTIVE_ARCH = YES;
				SDKROOT = iphoneos;
			};
			name = Debug;
		};
		76496B6D1A7103B1005C5CAA /* Release */ = {
			isa = XCBuildConfiguration;
			buildSettings = {
				ALWAYS_SEARCH_USER_PATHS = NO;
				CLANG_CXX_LANGUAGE_STANDARD = "gnu++0x";
				CLANG_CXX_LIBRARY = "libc++";
				CLANG_ENABLE_MODULES = YES;
				CLANG_ENABLE_OBJC_ARC = YES;
				CLANG_WARN_BOOL_CONVERSION = YES;
				CLANG_WARN_CONSTANT_CONVERSION = YES;
				CLANG_WARN_DIRECT_OBJC_ISA_USAGE = YES_ERROR;
				CLANG_WARN_EMPTY_BODY = YES;
				CLANG_WARN_ENUM_CONVERSION = YES;
				CLANG_WARN_INT_CONVERSION = YES;
				CLANG_WARN_OBJC_ROOT_CLASS = YES_ERROR;
				CLANG_WARN_UNREACHABLE_CODE = YES;
				CLANG_WARN__DUPLICATE_METHOD_MATCH = YES;
				"CODE_SIGN_IDENTITY[sdk=iphoneos*]" = "iPhone Developer";
				COPY_PHASE_STRIP = YES;
				ENABLE_NS_ASSERTIONS = NO;
				ENABLE_STRICT_OBJC_MSGSEND = YES;
				GCC_C_LANGUAGE_STANDARD = gnu99;
				GCC_WARN_64_TO_32_BIT_CONVERSION = YES;
				GCC_WARN_ABOUT_RETURN_TYPE = YES_ERROR;
				GCC_WARN_UNDECLARED_SELECTOR = YES;
				GCC_WARN_UNINITIALIZED_AUTOS = YES_AGGRESSIVE;
				GCC_WARN_UNUSED_FUNCTION = YES;
				GCC_WARN_UNUSED_VARIABLE = YES;
				IPHONEOS_DEPLOYMENT_TARGET = 8.1;
				MTL_ENABLE_DEBUG_INFO = NO;
				SDKROOT = iphoneos;
				VALIDATE_PRODUCT = YES;
			};
			name = Release;
		};
		76496B6F1A7103B1005C5CAA /* Debug */ = {
			isa = XCBuildConfiguration;
			buildSettings = {
				ASSETCATALOG_COMPILER_APPICON_NAME = AppIcon;
				INFOPLIST_FILE = TestKeyBoard/Info.plist;
				LD_RUNPATH_SEARCH_PATHS = "$(inherited) @executable_path/Frameworks";
				PRODUCT_NAME = "$(TARGET_NAME)";
			};
			name = Debug;
		};
		76496B701A7103B1005C5CAA /* Release */ = {
			isa = XCBuildConfiguration;
			buildSettings = {
				ASSETCATALOG_COMPILER_APPICON_NAME = AppIcon;
				INFOPLIST_FILE = TestKeyBoard/Info.plist;
				LD_RUNPATH_SEARCH_PATHS = "$(inherited) @executable_path/Frameworks";
				PRODUCT_NAME = "$(TARGET_NAME)";
			};
			name = Release;
		};
		76496B721A7103B1005C5CAA /* Debug */ = {
			isa = XCBuildConfiguration;
			buildSettings = {
				BUNDLE_LOADER = "$(TEST_HOST)";
				FRAMEWORK_SEARCH_PATHS = (
					"$(SDKROOT)/Developer/Library/Frameworks",
					"$(inherited)",
				);
				GCC_PREPROCESSOR_DEFINITIONS = (
					"DEBUG=1",
					"$(inherited)",
				);
				INFOPLIST_FILE = TestKeyBoardTests/Info.plist;
				LD_RUNPATH_SEARCH_PATHS = "$(inherited) @executable_path/Frameworks @loader_path/Frameworks";
				PRODUCT_NAME = "$(TARGET_NAME)";
				TEST_HOST = "$(BUILT_PRODUCTS_DIR)/TestKeyBoard.app/TestKeyBoard";
			};
			name = Debug;
		};
		76496B731A7103B1005C5CAA /* Release */ = {
			isa = XCBuildConfiguration;
			buildSettings = {
				BUNDLE_LOADER = "$(TEST_HOST)";
				FRAMEWORK_SEARCH_PATHS = (
					"$(SDKROOT)/Developer/Library/Frameworks",
					"$(inherited)",
				);
				INFOPLIST_FILE = TestKeyBoardTests/Info.plist;
				LD_RUNPATH_SEARCH_PATHS = "$(inherited) @executable_path/Frameworks @loader_path/Frameworks";
				PRODUCT_NAME = "$(TARGET_NAME)";
				TEST_HOST = "$(BUILT_PRODUCTS_DIR)/TestKeyBoard.app/TestKeyBoard";
			};
			name = Release;
		};
/* End XCBuildConfiguration section */

/* Begin XCConfigurationList section */
		76496B461A7103B1005C5CAA /* Build configuration list for PBXProject "TestKeyBoard" */ = {
			isa = XCConfigurationList;
			buildConfigurations = (
				76496B6C1A7103B1005C5CAA /* Debug */,
				76496B6D1A7103B1005C5CAA /* Release */,
			);
			defaultConfigurationIsVisible = 0;
			defaultConfigurationName = Release;
		};
		76496B6E1A7103B1005C5CAA /* Build configuration list for PBXNativeTarget "TestKeyBoard" */ = {
			isa = XCConfigurationList;
			buildConfigurations = (
				76496B6F1A7103B1005C5CAA /* Debug */,
				76496B701A7103B1005C5CAA /* Release */,
			);
			defaultConfigurationIsVisible = 0;
		};
		76496B711A7103B1005C5CAA /* Build configuration list for PBXNativeTarget "TestKeyBoardTests" */ = {
			isa = XCConfigurationList;
			buildConfigurations = (
				76496B721A7103B1005C5CAA /* Debug */,
				76496B731A7103B1005C5CAA /* Release */,
			);
			defaultConfigurationIsVisible = 0;
		};
/* End XCConfigurationList section */
	};
	rootObject = 76496B431A7103B1005C5CAA /* Project object */;
}
